<?xml version="1.0" encoding="utf-8"?>
<Project ToolsVersion="4.0" xmlns="http://schemas.microsoft.com/developer/msbuild/2003">
  <ItemGroup>
    <ClCompile Include="newlab12Q1.cpp">
      <Filter>Source Files</Filter>
    </ClCompile>
    <ClCompile Include="newlab12Q1App.cpp">
      <Filter>Source Files</Filter>
    </ClCompile>
    <ClCompile Include="stdafx.cpp">
      <Filter>Source Files</Filter>
    </ClCompile>
  </ItemGroup>
  <ItemGroup>
    <ClInclude Include="newlab12Q1App.h">
      <Filter>Header Files</Filter>
    </ClInclude>
    <ClInclude Include="stdafx.h">
      <Filter>Header Files</Filter>
    </ClInclude>
    <ClInclude Include="targetver.h">
      <Filter>Header Files</Filter>
    </ClInclude>
  </ItemGroup>
  <ItemGroup>
    <None Include="Shaders\lab12_fragment-shader.glsl">
      <Filter>Shaders</Filter>
    </None>
    <None Include="Shaders\lab12_vertex-shader.glsl">
      <Filter>Shaders</Filter>
    </None>
  </ItemGroup>
  <ItemGroup>
    <Filter Include="Header Files">
      <UniqueIdentifier>{ad6f52af-5c9d-4886-9e66-86bcf4ba68ac}</UniqueIdentifier>
    </Filter>
    <Filter Include="Resource Files">
      <UniqueIdentifier>{f745aca1-6a04-4a86-b92c-eba09103c902}</UniqueIdentifier>
    </Filter>
    <Filter Include="Shaders">
      <UniqueIdentifier>{ed57d835-8e08-4867-882f-6c2fbe0e4c52}</UniqueIdentifier>
    </Filter>
    <Filter Include="Source Files">
      <UniqueIdentifier>{0f888ff1-1bf1-4ab4-b702-09a4fa6baa0c}</UniqueIdentifier>
    </Filter>
  </ItemGroup>
</Project>